
Microsoft Visual Studio Solution File, Format Version 12.00
# Visual Studio 2013
VisualStudioVersion = 12.0.31101.0
MinimumVisualStudioVersion = 10.0.40219.1
Project("{FAE04EC0-301F-11D3-BF4B-00C04F79EFBC}") = "Fghf.Objects", "Objects/Fghf.Objects.csproj", "{BF20B85E-A8A7-415B-8D4F-96EEC7F344BF}"
EndProject
Project("{FAE04EC0-301F-11D3-BF4B-00C04F79EFBC}") = "Fghf.ODataBackend", "ODataBackend/Fghf.ODataBackend.csproj", "{D9D6157D-4E35-4B36-B04B-1873BE0213F4}"
EndProject
Global
	GlobalSection(SolutionConfigurationPlatforms) = preSolution
Debug|Any CPU = Debug|Any CPU
Release|Any CPU = Release|Any CPU
	EndGlobalSection
	GlobalSection(ProjectConfigurationPlatforms) = postSolution
		{BF20B85E-A8A7-415B-8D4F-96EEC7F344BF}.Debug|Any CPU.ActiveCfg = Debug|Any CPU
		{BF20B85E-A8A7-415B-8D4F-96EEC7F344BF}.Debug|Any CPU.Build.0 = Debug|Any CPU
		{BF20B85E-A8A7-415B-8D4F-96EEC7F344BF}.Release|Any CPU.ActiveCfg = Release|Any CPU
		{BF20B85E-A8A7-415B-8D4F-96EEC7F344BF}.Release|Any CPU.Build.0 = Release|Any CPU
		{D9D6157D-4E35-4B36-B04B-1873BE0213F4}.Debug|Any CPU.ActiveCfg = Debug|Any CPU
		{D9D6157D-4E35-4B36-B04B-1873BE0213F4}.Debug|Any CPU.Build.0 = Debug|Any CPU
		{D9D6157D-4E35-4B36-B04B-1873BE0213F4}.Release|Any CPU.ActiveCfg = Release|Any CPU
		{D9D6157D-4E35-4B36-B04B-1873BE0213F4}.Release|Any CPU.Build.0 = Release|Any CPU
	EndGlobalSection
	GlobalSection(SolutionProperties) = preSolution
		HideSolutionNode = FALSE
	EndGlobalSection
EndGlobal
